
Microsoft Visual Studio Solution File, Format Version 12.00
# Visual Studio Version 17
VisualStudioVersion = 17.14.36414.22 d17.14
MinimumVisualStudioVersion = 10.0.40219.1
Project("{FAE04EC0-301F-11D3-BF4B-00C04F79EFBC}") = "Плеско_1", "Плеско_1.csproj", "{DAE8C7BF-A601-4FE5-A34C-ACCC4FD946E4}"
EndProject
Global
	GlobalSection(SolutionConfigurationPlatforms) = preSolution
		Debug|Any CPU = Debug|Any CPU
		Release|Any CPU = Release|Any CPU
	EndGlobalSection
	GlobalSection(ProjectConfigurationPlatforms) = postSolution
		{DAE8C7BF-A601-4FE5-A34C-ACCC4FD946E4}.Debug|Any CPU.ActiveCfg = Debug|Any CPU
		{DAE8C7BF-A601-4FE5-A34C-ACCC4FD946E4}.Debug|Any CPU.Build.0 = Debug|Any CPU
		{DAE8C7BF-A601-4FE5-A34C-ACCC4FD946E4}.Release|Any CPU.ActiveCfg = Release|Any CPU
		{DAE8C7BF-A601-4FE5-A34C-ACCC4FD946E4}.Release|Any CPU.Build.0 = Release|Any CPU
	EndGlobalSection
	GlobalSection(SolutionProperties) = preSolution
		HideSolutionNode = FALSE
	EndGlobalSection
	GlobalSection(ExtensibilityGlobals) = postSolution
		SolutionGuid = {514CCCE6-76E4-4B68-80AB-C01E08CE7CF4}
	EndGlobalSection
EndGlobal
